
Microsoft Visual Studio Solution File, Format Version 12.00
# Visual Studio Version 17
VisualStudioVersion = 17.5.33414.496
MinimumVisualStudioVersion = 10.0.40219.1
Project("{9A19103F-16F7-4668-BE54-9A1E7A4F7556}") = "RecordRetrieverFunctionApp", "RecordRetrieverFunctionApp\RecordRetrieverFunctionApp.csproj", "{BA106CC2-19F8-4A81-A287-F2380E856ECC}"
EndProject
Project("{FAE04EC0-301F-11D3-BF4B-00C04F79EFBC}") = "RecordRetrieverTest", "RecordRetrieverTest\RecordRetrieverTest.csproj", "{ABAEA9E4-A857-4B6D-9445-0B439DC8520D}"
EndProject
Global
	GlobalSection(SolutionConfigurationPlatforms) = preSolution
		Debug|Any CPU = Debug|Any CPU
		Release|Any CPU = Release|Any CPU
	EndGlobalSection
	GlobalSection(ProjectConfigurationPlatforms) = postSolution
		{BA106CC2-19F8-4A81-A287-F2380E856ECC}.Debug|Any CPU.ActiveCfg = Debug|Any CPU
		{BA106CC2-19F8-4A81-A287-F2380E856ECC}.Debug|Any CPU.Build.0 = Debug|Any CPU
		{BA106CC2-19F8-4A81-A287-F2380E856ECC}.Release|Any CPU.ActiveCfg = Release|Any CPU
		{BA106CC2-19F8-4A81-A287-F2380E856ECC}.Release|Any CPU.Build.0 = Release|Any CPU
		{ABAEA9E4-A857-4B6D-9445-0B439DC8520D}.Debug|Any CPU.ActiveCfg = Debug|Any CPU
		{ABAEA9E4-A857-4B6D-9445-0B439DC8520D}.Debug|Any CPU.Build.0 = Debug|Any CPU
		{ABAEA9E4-A857-4B6D-9445-0B439DC8520D}.Release|Any CPU.ActiveCfg = Release|Any CPU
		{ABAEA9E4-A857-4B6D-9445-0B439DC8520D}.Release|Any CPU.Build.0 = Release|Any CPU
	EndGlobalSection
	GlobalSection(SolutionProperties) = preSolution
		HideSolutionNode = FALSE
	EndGlobalSection
	GlobalSection(ExtensibilityGlobals) = postSolution
		SolutionGuid = {4A6858BF-CB65-41B7-9902-02FA6A2BAA63}
	EndGlobalSection
EndGlobal
